{
  "version": 4,
  "terraform_version": "1.10.3",
  "serial": 780,
  "lineage": "123693d0-78d9-ce14-bf0d-cc96b5e24ee3",
  "outputs": {},
  "resources": [
    {
      "mode": "data",
      "type": "ibm_is_image",
      "name": "image_ubuntu",
      "provider": "provider[\"registry.terraform.io/ibm-cloud/ibm\"]",
      "instances": [
        {
          "schema_version": 0,
          "attributes": {
            "access_tags": [],
            "architecture": "amd64",
            "catalog_offering": [
              {
                "managed": false,
                "version": []
              }
            ],
            "checksum": "e6b114cee941f8611d9ce0b9dff9e3df99f36f5d55a1b1fc34343a399836ee70",
            "created_at": "2024-12-10T14:00:30.000Z",
            "crn": "crn:v1:bluemix:public:is:eu-gb:a/811f8abfbd32425597dc7ba40da98fa6::image:r018-c7f1553f-2b6e-4e54-85c6-e0e8bec8fe51",
            "deprecation_at": null,
            "encryption": "none",
            "encryption_key": null,
            "id": "r018-c7f1553f-2b6e-4e54-85c6-e0e8bec8fe51",
            "identifier": null,
            "name": "ibm-ubuntu-22-04-5-minimal-amd64-1",
            "obsolescence_at": null,
            "operating_system": [
              {
                "allow_user_image_creation": true,
                "architecture": "amd64",
                "dedicated_host_only": false,
                "display_name": "Ubuntu Linux 22.04 LTS Jammy Jellyfish Minimal Install (amd64)",
                "family": "Ubuntu Linux",
                "href": "https://eu-gb.iaas.cloud.ibm.com/v1/operating_systems/ubuntu-22-04-amd64",
                "name": "ubuntu-22-04-amd64",
                "user_data_format": "cloud_init",
                "vendor": "Canonical",
                "version": "22.04 LTS Jammy Jellyfish Minimal Install"
              }
            ],
            "os": "ubuntu-22-04-amd64",
            "resource_group": [
              {
                "href": "https://resource-controller.cloud.ibm.com/v1/resource_groups/5807b5832a8741179b2e06ca2d2b3b96",
                "id": "5807b5832a8741179b2e06ca2d2b3b96",
                "name": "Default"
              }
            ],
            "source_volume": null,
            "status": "available",
            "status_reasons": null,
            "user_data_format": "cloud_init",
            "visibility": "public"
          },
          "sensitive_attributes": []
        }
      ]
    },
    {
      "module": "module.network",
      "mode": "managed",
      "type": "ibm_is_public_gateway",
      "name": "gateway",
      "provider": "module.network.provider[\"registry.terraform.io/ibm-cloud/ibm\"]",
      "instances": [
        {
          "schema_version": 0,
          "attributes": {
            "access_tags": [],
            "crn": "crn:v1:bluemix:public:is:eu-gb-2:a/65c005b968304c79af0072316cd66882::public-gateway:r018-00ae8cda-0d2d-476c-ae0c-9ae318bf1eb1",
            "floating_ip": {
              "address": "141.125.107.218",
              "id": "r018-89c631c0-e2b2-4fbd-9f72-bc6f4f192b67"
            },
            "id": "r018-00ae8cda-0d2d-476c-ae0c-9ae318bf1eb1",
            "name": "khaled-gateway",
            "resource_controller_url": "https://cloud.ibm.com/vpc-ext/network/publicGateways",
            "resource_crn": "crn:v1:bluemix:public:is:eu-gb-2:a/65c005b968304c79af0072316cd66882::public-gateway:r018-00ae8cda-0d2d-476c-ae0c-9ae318bf1eb1",
            "resource_group": "f85c67de9d944c59afb9709a10a7a25b",
            "resource_group_name": "Default",
            "resource_name": "khaled-gateway",
            "resource_status": "available",
            "status": "available",
            "tags": [],
            "timeouts": null,
            "vpc": "r018-c271074d-0e54-4f66-b52a-77eb9ea3381d",
            "zone": "eu-gb-2"
          },
          "sensitive_attributes": [],
          "private": "eyJlMmJmYjczMC1lY2FhLTExZTYtOGY4OC0zNDM2M2JjN2M0YzAiOnsiY3JlYXRlIjo2MDAwMDAwMDAwMDAsImRlbGV0ZSI6NjAwMDAwMDAwMDAwfX0=",
          "dependencies": [
            "module.network.ibm_is_vpc.vpc",
            "module.network.ibm_resource_group.resource_group"
          ]
        }
      ]
    },
    {
      "module": "module.network",
      "mode": "managed",
      "type": "ibm_is_subnet",
      "name": "subnet",
      "provider": "module.network.provider[\"registry.terraform.io/ibm-cloud/ibm\"]",
      "instances": [
        {
          "index_key": "private-subnet-1",
          "schema_version": 0,
          "attributes": {
            "access_tags": [],
            "available_ipv4_address_count": 251,
            "crn": "crn:v1:bluemix:public:is:eu-gb-2:a/65c005b968304c79af0072316cd66882::subnet:0797-7fd2d01a-1005-4096-9c22-978c4e9a1973",
            "id": "0797-7fd2d01a-1005-4096-9c22-978c4e9a1973",
            "ip_version": "ipv4",
            "ipv4_cidr_block": "192.168.2.0/24",
            "name": "private-subnet-1",
            "network_acl": "r018-5a768b6f-2b35-4a6f-91dd-5d822f6ae82b",
            "public_gateway": "r018-00ae8cda-0d2d-476c-ae0c-9ae318bf1eb1",
            "resource_controller_url": "https://cloud.ibm.com/vpc-ext/network/subnets",
            "resource_crn": "crn:v1:bluemix:public:is:eu-gb-2:a/65c005b968304c79af0072316cd66882::subnet:0797-7fd2d01a-1005-4096-9c22-978c4e9a1973",
            "resource_group": "f85c67de9d944c59afb9709a10a7a25b",
            "resource_group_name": "Default",
            "resource_name": "private-subnet-1",
            "resource_status": "available",
            "routing_table": "r018-9d3470ce-afeb-4ab1-883e-5c3a5a193814",
            "routing_table_crn": "crn:v1:bluemix:public:is:eu-gb:a/65c005b968304c79af0072316cd66882::vpc-routing-table:r018-c271074d-0e54-4f66-b52a-77eb9ea3381d/r018-9d3470ce-afeb-4ab1-883e-5c3a5a193814",
            "status": "available",
            "tags": [
              "Name:subnet_private-subnet-1"
            ],
            "timeouts": null,
            "total_ipv4_address_count": 256,
            "vpc": "r018-c271074d-0e54-4f66-b52a-77eb9ea3381d",
            "zone": "eu-gb-2"
          },
          "sensitive_attributes": [],
          "private": "eyJlMmJmYjczMC1lY2FhLTExZTYtOGY4OC0zNDM2M2JjN2M0YzAiOnsiY3JlYXRlIjo2MDAwMDAwMDAwMDAsImRlbGV0ZSI6NjAwMDAwMDAwMDAwLCJ1cGRhdGUiOjYwMDAwMDAwMDAwMH19",
          "dependencies": [
            "module.network.ibm_is_public_gateway.gateway",
            "module.network.ibm_is_vpc.vpc",
            "module.network.ibm_is_vpc_address_prefix.khaled",
            "module.network.ibm_is_vpc_routing_table.khaled",
            "module.network.ibm_resource_group.resource_group"
          ]
        },
        {
          "index_key": "public-subnet-1",
          "schema_version": 0,
          "attributes": {
            "access_tags": [],
            "available_ipv4_address_count": 251,
            "crn": "crn:v1:bluemix:public:is:eu-gb-2:a/65c005b968304c79af0072316cd66882::subnet:0797-ff40c93e-0964-4afe-838a-3ed3193fcdfd",
            "id": "0797-ff40c93e-0964-4afe-838a-3ed3193fcdfd",
            "ip_version": "ipv4",
            "ipv4_cidr_block": "192.168.1.0/24",
            "name": "public-subnet-1",
            "network_acl": "r018-5a768b6f-2b35-4a6f-91dd-5d822f6ae82b",
            "public_gateway": "r018-00ae8cda-0d2d-476c-ae0c-9ae318bf1eb1",
            "resource_controller_url": "https://cloud.ibm.com/vpc-ext/network/subnets",
            "resource_crn": "crn:v1:bluemix:public:is:eu-gb-2:a/65c005b968304c79af0072316cd66882::subnet:0797-ff40c93e-0964-4afe-838a-3ed3193fcdfd",
            "resource_group": "f85c67de9d944c59afb9709a10a7a25b",
            "resource_group_name": "Default",
            "resource_name": "public-subnet-1",
            "resource_status": "available",
            "routing_table": "r018-9d3470ce-afeb-4ab1-883e-5c3a5a193814",
            "routing_table_crn": "crn:v1:bluemix:public:is:eu-gb:a/65c005b968304c79af0072316cd66882::vpc-routing-table:r018-c271074d-0e54-4f66-b52a-77eb9ea3381d/r018-9d3470ce-afeb-4ab1-883e-5c3a5a193814",
            "status": "available",
            "tags": [
              "Name:subnet_public-subnet-1"
            ],
            "timeouts": null,
            "total_ipv4_address_count": 256,
            "vpc": "r018-c271074d-0e54-4f66-b52a-77eb9ea3381d",
            "zone": "eu-gb-2"
          },
          "sensitive_attributes": [],
          "private": "eyJlMmJmYjczMC1lY2FhLTExZTYtOGY4OC0zNDM2M2JjN2M0YzAiOnsiY3JlYXRlIjo2MDAwMDAwMDAwMDAsImRlbGV0ZSI6NjAwMDAwMDAwMDAwLCJ1cGRhdGUiOjYwMDAwMDAwMDAwMH19",
          "dependencies": [
            "module.network.ibm_is_public_gateway.gateway",
            "module.network.ibm_is_vpc.vpc",
            "module.network.ibm_is_vpc_address_prefix.khaled",
            "module.network.ibm_is_vpc_routing_table.khaled",
            "module.network.ibm_resource_group.resource_group"
          ]
        }
      ]
    },
    {
      "module": "module.network",
      "mode": "managed",
      "type": "ibm_is_vpc",
      "name": "vpc",
      "provider": "module.network.provider[\"registry.terraform.io/ibm-cloud/ibm\"]",
      "instances": [
        {
          "index_key": "vpc-khaled",
          "schema_version": 0,
          "attributes": {
            "access_tags": [],
            "address_prefix_management": "auto",
            "classic_access": false,
            "crn": "crn:v1:bluemix:public:is:eu-gb:a/65c005b968304c79af0072316cd66882::vpc:r018-c271074d-0e54-4f66-b52a-77eb9ea3381d",
            "cse_source_addresses": [
              {
                "address": "10.249.100.96",
                "zone_name": "eu-gb-1"
              },
              {
                "address": "10.16.61.237",
                "zone_name": "eu-gb-2"
              },
              {
                "address": "10.223.23.185",
                "zone_name": "eu-gb-3"
              }
            ],
            "default_network_acl": "r018-5a768b6f-2b35-4a6f-91dd-5d822f6ae82b",
            "default_network_acl_crn": "crn:v1:bluemix:public:is:eu-gb:a/65c005b968304c79af0072316cd66882::network-acl:r018-5a768b6f-2b35-4a6f-91dd-5d822f6ae82b",
            "default_network_acl_name": "phobia-angelic-amenity-abbreviate",
            "default_routing_table": "r018-c6188e8a-e0dc-44b5-a3b6-e2b53093dc95",
            "default_routing_table_crn": "crn:v1:bluemix:public:is:eu-gb:a/65c005b968304c79af0072316cd66882::vpc-routing-table:r018-c271074d-0e54-4f66-b52a-77eb9ea3381d/r018-c6188e8a-e0dc-44b5-a3b6-e2b53093dc95",
            "default_routing_table_name": "detergent-upstage-prowling-bullseye",
            "default_security_group": "r018-d2683322-b555-480d-883b-144bea8caf10",
            "default_security_group_crn": "crn:v1:bluemix:public:is:eu-gb:a/65c005b968304c79af0072316cd66882::security-group:r018-d2683322-b555-480d-883b-144bea8caf10",
            "default_security_group_name": "movable-unleveled-lagged-fidgety",
            "dns": [
              {
                "enable_hub": false,
                "resolution_binding_count": 0,
                "resolver": [
                  {
                    "configuration": "default",
                    "dns_binding_id": "",
                    "dns_binding_name": "",
                    "manual_servers": [],
                    "servers": [
                      {
                        "address": "161.26.0.10",
                        "zone_affinity": ""
                      },
                      {
                        "address": "161.26.0.11",
                        "zone_affinity": ""
                      }
                    ],
                    "type": "system",
                    "vpc_crn": "",
                    "vpc_id": "",
                    "vpc_name": "",
                    "vpc_remote_account_id": "",
                    "vpc_remote_region": ""
                  }
                ]
              }
            ],
            "health_reasons": [],
            "health_state": "ok",
            "id": "r018-c271074d-0e54-4f66-b52a-77eb9ea3381d",
            "name": "vpc-khaled",
            "no_sg_acl_rules": false,
            "resource_controller_url": "https://cloud.ibm.com/vpc-ext/network/vpcs",
            "resource_crn": "crn:v1:bluemix:public:is:eu-gb:a/65c005b968304c79af0072316cd66882::vpc:r018-c271074d-0e54-4f66-b52a-77eb9ea3381d",
            "resource_group": "7c7119b6f25b4190856dbc0c697b7eec",
            "resource_group_name": "khaled-eldsoky",
            "resource_name": "vpc-khaled",
            "resource_status": "available",
            "security_group": [
              {
                "group_id": "r018-d2683322-b555-480d-883b-144bea8caf10",
                "group_name": "movable-unleveled-lagged-fidgety",
                "rules": [
                  {
                    "code": 0,
                    "direction": "outbound",
                    "ip_version": "ipv4",
                    "port_max": 0,
                    "port_min": 0,
                    "protocol": "all",
                    "remote": "0.0.0.0/0",
                    "rule_id": "r018-e4a823c6-37ba-4a2c-b1c4-aa86239d0b9a",
                    "type": 0
                  },
                  {
                    "code": 0,
                    "direction": "inbound",
                    "ip_version": "ipv4",
                    "port_max": 0,
                    "port_min": 0,
                    "protocol": "all",
                    "remote": "r018-d2683322-b555-480d-883b-144bea8caf10",
                    "rule_id": "r018-2c35fa3d-c711-4c49-8708-d7be51cf7529",
                    "type": 0
                  }
                ]
              }
            ],
            "status": "available",
            "subnets": [],
            "tags": [
              "Name:vpc-khaled"
            ],
            "timeouts": null
          },
          "sensitive_attributes": [],
          "private": "eyJlMmJmYjczMC1lY2FhLTExZTYtOGY4OC0zNDM2M2JjN2M0YzAiOnsiY3JlYXRlIjo2MDAwMDAwMDAwMDAsImRlbGV0ZSI6NjAwMDAwMDAwMDAwfX0=",
          "dependencies": [
            "module.network.ibm_resource_group.resource_group"
          ]
        }
      ]
    },
    {
      "module": "module.network",
      "mode": "managed",
      "type": "ibm_is_vpc_address_prefix",
      "name": "khaled",
      "provider": "module.network.provider[\"registry.terraform.io/ibm-cloud/ibm\"]",
      "instances": [
        {
          "schema_version": 0,
          "attributes": {
            "address_prefix": "r018-5fc86de9-9bf0-470b-8b9f-589400705a9b",
            "cidr": "192.168.0.0/16",
            "has_subnets": false,
            "id": "r018-c271074d-0e54-4f66-b52a-77eb9ea3381d/r018-5fc86de9-9bf0-470b-8b9f-589400705a9b",
            "is_default": false,
            "name": "prefix-192-168",
            "related_crn": "crn:v1:bluemix:public:is:eu-gb:a/65c005b968304c79af0072316cd66882::vpc:r018-c271074d-0e54-4f66-b52a-77eb9ea3381d",
            "vpc": "r018-c271074d-0e54-4f66-b52a-77eb9ea3381d",
            "zone": "eu-gb-2"
          },
          "sensitive_attributes": [],
          "private": "bnVsbA==",
          "dependencies": [
            "module.network.ibm_is_vpc.vpc",
            "module.network.ibm_resource_group.resource_group"
          ]
        }
      ]
    },
    {
      "module": "module.network",
      "mode": "managed",
      "type": "ibm_is_vpc_routing_table",
      "name": "khaled",
      "provider": "module.network.provider[\"registry.terraform.io/ibm-cloud/ibm\"]",
      "instances": [
        {
          "schema_version": 0,
          "attributes": {
            "accept_routes_from_resource_type": [],
            "access_tags": [],
            "advertise_routes_to": [],
            "created_at": "2025-01-25T15:57:27.000Z",
            "crn": "crn:v1:bluemix:public:is:eu-gb:a/65c005b968304c79af0072316cd66882::vpc-routing-table:r018-c271074d-0e54-4f66-b52a-77eb9ea3381d/r018-9d3470ce-afeb-4ab1-883e-5c3a5a193814",
            "href": "https://eu-gb.iaas.cloud.ibm.com/v1/vpcs/r018-c271074d-0e54-4f66-b52a-77eb9ea3381d/routing_tables/r018-9d3470ce-afeb-4ab1-883e-5c3a5a193814",
            "id": "r018-c271074d-0e54-4f66-b52a-77eb9ea3381d/r018-9d3470ce-afeb-4ab1-883e-5c3a5a193814",
            "is_default": false,
            "lifecycle_state": "stable",
            "name": "khaled-routing-table",
            "resource_group": [
              {
                "href": "https://resource-controller.cloud.ibm.com/v2/resource_groups/7c7119b6f25b4190856dbc0c697b7eec",
                "id": "7c7119b6f25b4190856dbc0c697b7eec",
                "name": "khaled-eldsoky"
              }
            ],
            "resource_type": "routing_table",
            "route_direct_link_ingress": false,
            "route_internet_ingress": false,
            "route_transit_gateway_ingress": false,
            "route_vpc_zone_ingress": false,
            "routing_table": "r018-9d3470ce-afeb-4ab1-883e-5c3a5a193814",
            "subnets": [],
            "tags": [],
            "timeouts": null,
            "vpc": "r018-c271074d-0e54-4f66-b52a-77eb9ea3381d"
          },
          "sensitive_attributes": [],
          "private": "eyJlMmJmYjczMC1lY2FhLTExZTYtOGY4OC0zNDM2M2JjN2M0YzAiOnsiY3JlYXRlIjo2MDAwMDAwMDAwMDAsImRlbGV0ZSI6NjAwMDAwMDAwMDAwLCJ1cGRhdGUiOjYwMDAwMDAwMDAwMH19",
          "dependencies": [
            "module.network.ibm_is_vpc.vpc",
            "module.network.ibm_resource_group.resource_group"
          ]
        }
      ]
    },
    {
      "module": "module.network",
      "mode": "managed",
      "type": "ibm_resource_group",
      "name": "resource_group",
      "provider": "module.network.provider[\"registry.terraform.io/ibm-cloud/ibm\"]",
      "instances": [
        {
          "schema_version": 0,
          "attributes": {
            "created_at": "2025-01-25T15:56:34.921Z",
            "crn": "crn:v1:bluemix:public:resource-controller::a/65c005b968304c79af0072316cd66882::resource-group:7c7119b6f25b4190856dbc0c697b7eec",
            "default": false,
            "id": "7c7119b6f25b4190856dbc0c697b7eec",
            "name": "khaled-eldsoky",
            "payment_methods_url": null,
            "quota_id": "a3d7b8d01e261c24677937c29ab33f3c",
            "quota_url": "/v2/quota_definitions/a3d7b8d01e261c24677937c29ab33f3c",
            "resource_linkages": [],
            "state": "ACTIVE",
            "tags": null,
            "teams_url": null,
            "timeouts": null,
            "updated_at": "2025-01-25T15:56:34.921Z"
          },
          "sensitive_attributes": [],
          "private": "eyJlMmJmYjczMC1lY2FhLTExZTYtOGY4OC0zNDM2M2JjN2M0YzAiOnsiZGVsZXRlIjoxMjAwMDAwMDAwMDAwfX0="
        }
      ]
    },
    {
      "module": "module.security",
      "mode": "managed",
      "type": "ibm_is_security_group",
      "name": "SG",
      "provider": "module.security.provider[\"registry.terraform.io/ibm-cloud/ibm\"]",
      "instances": [
        {
          "index_key": "master",
          "schema_version": 0,
          "attributes": {
            "access_tags": [],
            "crn": "crn:v1:bluemix:public:is:eu-gb:a/65c005b968304c79af0072316cd66882::security-group:r018-9a62ac9c-9762-48de-9759-42b7b38be595",
            "id": "r018-9a62ac9c-9762-48de-9759-42b7b38be595",
            "name": "master",
            "resource_controller_url": "https://cloud.ibm.com/vpc-ext/network/securityGroups",
            "resource_crn": "crn:v1:bluemix:public:is:eu-gb:a/65c005b968304c79af0072316cd66882::security-group:r018-9a62ac9c-9762-48de-9759-42b7b38be595",
            "resource_group": "f85c67de9d944c59afb9709a10a7a25b",
            "resource_group_name": "Default",
            "resource_name": "master",
            "rules": [],
            "tags": [
              "Name:SG_master"
            ],
            "timeouts": null,
            "vpc": "r018-c271074d-0e54-4f66-b52a-77eb9ea3381d"
          },
          "sensitive_attributes": [],
          "private": "eyJlMmJmYjczMC1lY2FhLTExZTYtOGY4OC0zNDM2M2JjN2M0YzAiOnsiY3JlYXRlIjo2MDAwMDAwMDAwMDAsImRlbGV0ZSI6NjAwMDAwMDAwMDAwfX0=",
          "dependencies": [
            "module.network.ibm_is_vpc.vpc",
            "module.network.ibm_resource_group.resource_group"
          ]
        },
        {
          "index_key": "node",
          "schema_version": 0,
          "attributes": {
            "access_tags": [],
            "crn": "crn:v1:bluemix:public:is:eu-gb:a/65c005b968304c79af0072316cd66882::security-group:r018-938d4d69-ff76-4dd0-9c4e-0124b8810a39",
            "id": "r018-938d4d69-ff76-4dd0-9c4e-0124b8810a39",
            "name": "node",
            "resource_controller_url": "https://cloud.ibm.com/vpc-ext/network/securityGroups",
            "resource_crn": "crn:v1:bluemix:public:is:eu-gb:a/65c005b968304c79af0072316cd66882::security-group:r018-938d4d69-ff76-4dd0-9c4e-0124b8810a39",
            "resource_group": "f85c67de9d944c59afb9709a10a7a25b",
            "resource_group_name": "Default",
            "resource_name": "node",
            "rules": [],
            "tags": [
              "Name:SG_node"
            ],
            "timeouts": null,
            "vpc": "r018-c271074d-0e54-4f66-b52a-77eb9ea3381d"
          },
          "sensitive_attributes": [],
          "private": "eyJlMmJmYjczMC1lY2FhLTExZTYtOGY4OC0zNDM2M2JjN2M0YzAiOnsiY3JlYXRlIjo2MDAwMDAwMDAwMDAsImRlbGV0ZSI6NjAwMDAwMDAwMDAwfX0=",
          "dependencies": [
            "module.network.ibm_is_vpc.vpc",
            "module.network.ibm_resource_group.resource_group"
          ]
        }
      ]
    },
    {
      "module": "module.security",
      "mode": "managed",
      "type": "ibm_is_security_group_rule",
      "name": "SGR_icmp",
      "provider": "module.security.provider[\"registry.terraform.io/ibm-cloud/ibm\"]",
      "instances": [
        {
          "index_key": "SGR_icmp_master_inbound",
          "schema_version": 0,
          "attributes": {
            "direction": "inbound",
            "group": "r018-9a62ac9c-9762-48de-9759-42b7b38be595",
            "icmp": [
              {
                "code": null,
                "type": null
              }
            ],
            "id": "r018-9a62ac9c-9762-48de-9759-42b7b38be595.r018-ca5fec7c-e7de-4f60-9f10-35dc4f0baffd",
            "ip_version": "ipv4",
            "local": "0.0.0.0/0",
            "protocol": "icmp",
            "related_crn": "crn:v1:bluemix:public:is:eu-gb:a/65c005b968304c79af0072316cd66882::security-group:r018-9a62ac9c-9762-48de-9759-42b7b38be595",
            "remote": "0.0.0.0/0",
            "rule_id": "r018-ca5fec7c-e7de-4f60-9f10-35dc4f0baffd",
            "tcp": [],
            "udp": []
          },
          "sensitive_attributes": [],
          "private": "bnVsbA==",
          "dependencies": [
            "module.network.ibm_is_vpc.vpc",
            "module.network.ibm_resource_group.resource_group",
            "module.security.ibm_is_security_group.SG"
          ]
        },
        {
          "index_key": "SGR_icmp_master_outbound",
          "schema_version": 0,
          "attributes": {
            "direction": "outbound",
            "group": "r018-9a62ac9c-9762-48de-9759-42b7b38be595",
            "icmp": [
              {
                "code": null,
                "type": null
              }
            ],
            "id": "r018-9a62ac9c-9762-48de-9759-42b7b38be595.r018-b6669c26-65c5-4c92-9c76-e5afb531f92f",
            "ip_version": "ipv4",
            "local": "0.0.0.0/0",
            "protocol": "icmp",
            "related_crn": "crn:v1:bluemix:public:is:eu-gb:a/65c005b968304c79af0072316cd66882::security-group:r018-9a62ac9c-9762-48de-9759-42b7b38be595",
            "remote": "0.0.0.0/0",
            "rule_id": "r018-b6669c26-65c5-4c92-9c76-e5afb531f92f",
            "tcp": [],
            "udp": []
          },
          "sensitive_attributes": [],
          "private": "bnVsbA==",
          "dependencies": [
            "module.network.ibm_is_vpc.vpc",
            "module.network.ibm_resource_group.resource_group",
            "module.security.ibm_is_security_group.SG"
          ]
        },
        {
          "index_key": "SGR_icmp_node_inbound",
          "schema_version": 0,
          "attributes": {
            "direction": "inbound",
            "group": "r018-938d4d69-ff76-4dd0-9c4e-0124b8810a39",
            "icmp": [
              {
                "code": null,
                "type": null
              }
            ],
            "id": "r018-938d4d69-ff76-4dd0-9c4e-0124b8810a39.r018-d2ff8ce8-56dc-4df0-8583-5490d2652260",
            "ip_version": "ipv4",
            "local": "0.0.0.0/0",
            "protocol": "icmp",
            "related_crn": "crn:v1:bluemix:public:is:eu-gb:a/65c005b968304c79af0072316cd66882::security-group:r018-938d4d69-ff76-4dd0-9c4e-0124b8810a39",
            "remote": "0.0.0.0/0",
            "rule_id": "r018-d2ff8ce8-56dc-4df0-8583-5490d2652260",
            "tcp": [],
            "udp": []
          },
          "sensitive_attributes": [],
          "private": "bnVsbA==",
          "dependencies": [
            "module.network.ibm_is_vpc.vpc",
            "module.network.ibm_resource_group.resource_group",
            "module.security.ibm_is_security_group.SG"
          ]
        },
        {
          "index_key": "SGR_icmp_node_outbound",
          "schema_version": 0,
          "attributes": {
            "direction": "outbound",
            "group": "r018-938d4d69-ff76-4dd0-9c4e-0124b8810a39",
            "icmp": [
              {
                "code": null,
                "type": null
              }
            ],
            "id": "r018-938d4d69-ff76-4dd0-9c4e-0124b8810a39.r018-71ecda11-be5f-416a-a372-fe8f82f0e298",
            "ip_version": "ipv4",
            "local": "0.0.0.0/0",
            "protocol": "icmp",
            "related_crn": "crn:v1:bluemix:public:is:eu-gb:a/65c005b968304c79af0072316cd66882::security-group:r018-938d4d69-ff76-4dd0-9c4e-0124b8810a39",
            "remote": "0.0.0.0/0",
            "rule_id": "r018-71ecda11-be5f-416a-a372-fe8f82f0e298",
            "tcp": [],
            "udp": []
          },
          "sensitive_attributes": [],
          "private": "bnVsbA==",
          "dependencies": [
            "module.network.ibm_is_vpc.vpc",
            "module.network.ibm_resource_group.resource_group",
            "module.security.ibm_is_security_group.SG"
          ]
        }
      ]
    },
    {
      "module": "module.security",
      "mode": "managed",
      "type": "ibm_is_security_group_rule",
      "name": "SGR_tcp",
      "provider": "module.security.provider[\"registry.terraform.io/ibm-cloud/ibm\"]",
      "instances": [
        {
          "index_key": "TCP_master_inbound_10250",
          "schema_version": 0,
          "attributes": {
            "direction": "inbound",
            "group": "r018-9a62ac9c-9762-48de-9759-42b7b38be595",
            "icmp": [],
            "id": "r018-9a62ac9c-9762-48de-9759-42b7b38be595.r018-d7c2e08b-87db-457a-8874-cf27cd0a09f4",
            "ip_version": "ipv4",
            "local": "0.0.0.0/0",
            "protocol": "tcp",
            "related_crn": "crn:v1:bluemix:public:is:eu-gb:a/65c005b968304c79af0072316cd66882::security-group:r018-9a62ac9c-9762-48de-9759-42b7b38be595",
            "remote": "0.0.0.0/0",
            "rule_id": "r018-d7c2e08b-87db-457a-8874-cf27cd0a09f4",
            "tcp": [
              {
                "port_max": 10250,
                "port_min": 10250
              }
            ],
            "udp": []
          },
          "sensitive_attributes": [],
          "private": "bnVsbA==",
          "dependencies": [
            "module.network.ibm_is_vpc.vpc",
            "module.network.ibm_resource_group.resource_group",
            "module.security.ibm_is_security_group.SG"
          ]
        },
        {
          "index_key": "TCP_master_inbound_10251",
          "schema_version": 0,
          "attributes": {
            "direction": "inbound",
            "group": "r018-9a62ac9c-9762-48de-9759-42b7b38be595",
            "icmp": [],
            "id": "r018-9a62ac9c-9762-48de-9759-42b7b38be595.r018-26bc5ea9-d184-4312-a52e-d50781e695ab",
            "ip_version": "ipv4",
            "local": "0.0.0.0/0",
            "protocol": "tcp",
            "related_crn": "crn:v1:bluemix:public:is:eu-gb:a/65c005b968304c79af0072316cd66882::security-group:r018-9a62ac9c-9762-48de-9759-42b7b38be595",
            "remote": "0.0.0.0/0",
            "rule_id": "r018-26bc5ea9-d184-4312-a52e-d50781e695ab",
            "tcp": [
              {
                "port_max": 10251,
                "port_min": 10251
              }
            ],
            "udp": []
          },
          "sensitive_attributes": [],
          "private": "bnVsbA==",
          "dependencies": [
            "module.network.ibm_is_vpc.vpc",
            "module.network.ibm_resource_group.resource_group",
            "module.security.ibm_is_security_group.SG"
          ]
        },
        {
          "index_key": "TCP_master_inbound_10252",
          "schema_version": 0,
          "attributes": {
            "direction": "inbound",
            "group": "r018-9a62ac9c-9762-48de-9759-42b7b38be595",
            "icmp": [],
            "id": "r018-9a62ac9c-9762-48de-9759-42b7b38be595.r018-767f26af-0fbe-48cc-9a5f-061f14e0094b",
            "ip_version": "ipv4",
            "local": "0.0.0.0/0",
            "protocol": "tcp",
            "related_crn": "crn:v1:bluemix:public:is:eu-gb:a/65c005b968304c79af0072316cd66882::security-group:r018-9a62ac9c-9762-48de-9759-42b7b38be595",
            "remote": "0.0.0.0/0",
            "rule_id": "r018-767f26af-0fbe-48cc-9a5f-061f14e0094b",
            "tcp": [
              {
                "port_max": 10252,
                "port_min": 10252
              }
            ],
            "udp": []
          },
          "sensitive_attributes": [],
          "private": "bnVsbA==",
          "dependencies": [
            "module.network.ibm_is_vpc.vpc",
            "module.network.ibm_resource_group.resource_group",
            "module.security.ibm_is_security_group.SG"
          ]
        },
        {
          "index_key": "TCP_master_inbound_2379",
          "schema_version": 0,
          "attributes": {
            "direction": "inbound",
            "group": "r018-9a62ac9c-9762-48de-9759-42b7b38be595",
            "icmp": [],
            "id": "r018-9a62ac9c-9762-48de-9759-42b7b38be595.r018-7ebf00d8-1692-4aa9-9229-fae1e569c1ab",
            "ip_version": "ipv4",
            "local": "0.0.0.0/0",
            "protocol": "tcp",
            "related_crn": "crn:v1:bluemix:public:is:eu-gb:a/65c005b968304c79af0072316cd66882::security-group:r018-9a62ac9c-9762-48de-9759-42b7b38be595",
            "remote": "0.0.0.0/0",
            "rule_id": "r018-7ebf00d8-1692-4aa9-9229-fae1e569c1ab",
            "tcp": [
              {
                "port_max": 2380,
                "port_min": 2379
              }
            ],
            "udp": []
          },
          "sensitive_attributes": [],
          "private": "bnVsbA==",
          "dependencies": [
            "module.network.ibm_is_vpc.vpc",
            "module.network.ibm_resource_group.resource_group",
            "module.security.ibm_is_security_group.SG"
          ]
        },
        {
          "index_key": "TCP_master_inbound_6443",
          "schema_version": 0,
          "attributes": {
            "direction": "inbound",
            "group": "r018-9a62ac9c-9762-48de-9759-42b7b38be595",
            "icmp": [],
            "id": "r018-9a62ac9c-9762-48de-9759-42b7b38be595.r018-4af2dc9a-4db1-4dde-8548-3972aab37ae5",
            "ip_version": "ipv4",
            "local": "0.0.0.0/0",
            "protocol": "tcp",
            "related_crn": "crn:v1:bluemix:public:is:eu-gb:a/65c005b968304c79af0072316cd66882::security-group:r018-9a62ac9c-9762-48de-9759-42b7b38be595",
            "remote": "0.0.0.0/0",
            "rule_id": "r018-4af2dc9a-4db1-4dde-8548-3972aab37ae5",
            "tcp": [
              {
                "port_max": 6443,
                "port_min": 6443
              }
            ],
            "udp": []
          },
          "sensitive_attributes": [],
          "private": "bnVsbA==",
          "dependencies": [
            "module.network.ibm_is_vpc.vpc",
            "module.network.ibm_resource_group.resource_group",
            "module.security.ibm_is_security_group.SG"
          ]
        },
        {
          "index_key": "TCP_master_inbound_6783",
          "schema_version": 0,
          "attributes": {
            "direction": "inbound",
            "group": "r018-9a62ac9c-9762-48de-9759-42b7b38be595",
            "icmp": [],
            "id": "r018-9a62ac9c-9762-48de-9759-42b7b38be595.r018-3c3b53a3-4e6b-494e-b781-227f988725b5",
            "ip_version": "ipv4",
            "local": "0.0.0.0/0",
            "protocol": "tcp",
            "related_crn": "crn:v1:bluemix:public:is:eu-gb:a/65c005b968304c79af0072316cd66882::security-group:r018-9a62ac9c-9762-48de-9759-42b7b38be595",
            "remote": "0.0.0.0/0",
            "rule_id": "r018-3c3b53a3-4e6b-494e-b781-227f988725b5",
            "tcp": [
              {
                "port_max": 6783,
                "port_min": 6783
              }
            ],
            "udp": []
          },
          "sensitive_attributes": [],
          "private": "bnVsbA==",
          "dependencies": [
            "module.network.ibm_is_vpc.vpc",
            "module.network.ibm_resource_group.resource_group",
            "module.security.ibm_is_security_group.SG"
          ]
        },
        {
          "index_key": "TCP_master_inbound_DNS",
          "schema_version": 0,
          "attributes": {
            "direction": "inbound",
            "group": "r018-9a62ac9c-9762-48de-9759-42b7b38be595",
            "icmp": [],
            "id": "r018-9a62ac9c-9762-48de-9759-42b7b38be595.r018-0a37aa90-a292-42d3-8012-73d0cf716935",
            "ip_version": "ipv4",
            "local": "0.0.0.0/0",
            "protocol": "tcp",
            "related_crn": "crn:v1:bluemix:public:is:eu-gb:a/65c005b968304c79af0072316cd66882::security-group:r018-9a62ac9c-9762-48de-9759-42b7b38be595",
            "remote": "0.0.0.0/0",
            "rule_id": "r018-0a37aa90-a292-42d3-8012-73d0cf716935",
            "tcp": [
              {
                "port_max": 53,
                "port_min": 53
              }
            ],
            "udp": []
          },
          "sensitive_attributes": [],
          "private": "bnVsbA==",
          "dependencies": [
            "module.network.ibm_is_vpc.vpc",
            "module.network.ibm_resource_group.resource_group",
            "module.security.ibm_is_security_group.SG"
          ]
        },
        {
          "index_key": "TCP_master_inbound_http",
          "schema_version": 0,
          "attributes": {
            "direction": "inbound",
            "group": "r018-9a62ac9c-9762-48de-9759-42b7b38be595",
            "icmp": [],
            "id": "r018-9a62ac9c-9762-48de-9759-42b7b38be595.r018-1b7c20d7-a19f-46cf-b93d-383f42ab83fa",
            "ip_version": "ipv4",
            "local": "0.0.0.0/0",
            "protocol": "tcp",
            "related_crn": "crn:v1:bluemix:public:is:eu-gb:a/65c005b968304c79af0072316cd66882::security-group:r018-9a62ac9c-9762-48de-9759-42b7b38be595",
            "remote": "0.0.0.0/0",
            "rule_id": "r018-1b7c20d7-a19f-46cf-b93d-383f42ab83fa",
            "tcp": [
              {
                "port_max": 80,
                "port_min": 80
              }
            ],
            "udp": []
          },
          "sensitive_attributes": [],
          "private": "bnVsbA==",
          "dependencies": [
            "module.network.ibm_is_vpc.vpc",
            "module.network.ibm_resource_group.resource_group",
            "module.security.ibm_is_security_group.SG"
          ]
        },
        {
          "index_key": "TCP_master_inbound_https",
          "schema_version": 0,
          "attributes": {
            "direction": "inbound",
            "group": "r018-9a62ac9c-9762-48de-9759-42b7b38be595",
            "icmp": [],
            "id": "r018-9a62ac9c-9762-48de-9759-42b7b38be595.r018-75bb4c7b-fd44-4e1d-a9b7-ce8be0950b39",
            "ip_version": "ipv4",
            "local": "0.0.0.0/0",
            "protocol": "tcp",
            "related_crn": "crn:v1:bluemix:public:is:eu-gb:a/65c005b968304c79af0072316cd66882::security-group:r018-9a62ac9c-9762-48de-9759-42b7b38be595",
            "remote": "0.0.0.0/0",
            "rule_id": "r018-75bb4c7b-fd44-4e1d-a9b7-ce8be0950b39",
            "tcp": [
              {
                "port_max": 443,
                "port_min": 443
              }
            ],
            "udp": []
          },
          "sensitive_attributes": [],
          "private": "bnVsbA==",
          "dependencies": [
            "module.network.ibm_is_vpc.vpc",
            "module.network.ibm_resource_group.resource_group",
            "module.security.ibm_is_security_group.SG"
          ]
        },
        {
          "index_key": "TCP_master_inbound_ssh",
          "schema_version": 0,
          "attributes": {
            "direction": "inbound",
            "group": "r018-9a62ac9c-9762-48de-9759-42b7b38be595",
            "icmp": [],
            "id": "r018-9a62ac9c-9762-48de-9759-42b7b38be595.r018-5938f0a6-2094-4252-bd5f-e6d9432934e2",
            "ip_version": "ipv4",
            "local": "0.0.0.0/0",
            "protocol": "tcp",
            "related_crn": "crn:v1:bluemix:public:is:eu-gb:a/65c005b968304c79af0072316cd66882::security-group:r018-9a62ac9c-9762-48de-9759-42b7b38be595",
            "remote": "0.0.0.0/0",
            "rule_id": "r018-5938f0a6-2094-4252-bd5f-e6d9432934e2",
            "tcp": [
              {
                "port_max": 22,
                "port_min": 22
              }
            ],
            "udp": []
          },
          "sensitive_attributes": [],
          "private": "bnVsbA==",
          "dependencies": [
            "module.network.ibm_is_vpc.vpc",
            "module.network.ibm_resource_group.resource_group",
            "module.security.ibm_is_security_group.SG"
          ]
        },
        {
          "index_key": "TCP_master_outbound_10250",
          "schema_version": 0,
          "attributes": {
            "direction": "outbound",
            "group": "r018-9a62ac9c-9762-48de-9759-42b7b38be595",
            "icmp": [],
            "id": "r018-9a62ac9c-9762-48de-9759-42b7b38be595.r018-015e2c0a-87d7-4bad-9f4a-642e277e659c",
            "ip_version": "ipv4",
            "local": "0.0.0.0/0",
            "protocol": "tcp",
            "related_crn": "crn:v1:bluemix:public:is:eu-gb:a/65c005b968304c79af0072316cd66882::security-group:r018-9a62ac9c-9762-48de-9759-42b7b38be595",
            "remote": "0.0.0.0/0",
            "rule_id": "r018-015e2c0a-87d7-4bad-9f4a-642e277e659c",
            "tcp": [
              {
                "port_max": 10250,
                "port_min": 10250
              }
            ],
            "udp": []
          },
          "sensitive_attributes": [],
          "private": "bnVsbA==",
          "dependencies": [
            "module.network.ibm_is_vpc.vpc",
            "module.network.ibm_resource_group.resource_group",
            "module.security.ibm_is_security_group.SG"
          ]
        },
        {
          "index_key": "TCP_master_outbound_10251",
          "schema_version": 0,
          "attributes": {
            "direction": "outbound",
            "group": "r018-9a62ac9c-9762-48de-9759-42b7b38be595",
            "icmp": [],
            "id": "r018-9a62ac9c-9762-48de-9759-42b7b38be595.r018-b4023528-cdf4-41ed-985e-895d49d39a86",
            "ip_version": "ipv4",
            "local": "0.0.0.0/0",
            "protocol": "tcp",
            "related_crn": "crn:v1:bluemix:public:is:eu-gb:a/65c005b968304c79af0072316cd66882::security-group:r018-9a62ac9c-9762-48de-9759-42b7b38be595",
            "remote": "0.0.0.0/0",
            "rule_id": "r018-b4023528-cdf4-41ed-985e-895d49d39a86",
            "tcp": [
              {
                "port_max": 10251,
                "port_min": 10251
              }
            ],
            "udp": []
          },
          "sensitive_attributes": [],
          "private": "bnVsbA==",
          "dependencies": [
            "module.network.ibm_is_vpc.vpc",
            "module.network.ibm_resource_group.resource_group",
            "module.security.ibm_is_security_group.SG"
          ]
        },
        {
          "index_key": "TCP_master_outbound_10252",
          "schema_version": 0,
          "attributes": {
            "direction": "outbound",
            "group": "r018-9a62ac9c-9762-48de-9759-42b7b38be595",
            "icmp": [],
            "id": "r018-9a62ac9c-9762-48de-9759-42b7b38be595.r018-d7c49857-83c7-4db1-bb9a-0aae4b9cc9be",
            "ip_version": "ipv4",
            "local": "0.0.0.0/0",
            "protocol": "tcp",
            "related_crn": "crn:v1:bluemix:public:is:eu-gb:a/65c005b968304c79af0072316cd66882::security-group:r018-9a62ac9c-9762-48de-9759-42b7b38be595",
            "remote": "0.0.0.0/0",
            "rule_id": "r018-d7c49857-83c7-4db1-bb9a-0aae4b9cc9be",
            "tcp": [
              {
                "port_max": 10252,
                "port_min": 10252
              }
            ],
            "udp": []
          },
          "sensitive_attributes": [],
          "private": "bnVsbA==",
          "dependencies": [
            "module.network.ibm_is_vpc.vpc",
            "module.network.ibm_resource_group.resource_group",
            "module.security.ibm_is_security_group.SG"
          ]
        },
        {
          "index_key": "TCP_master_outbound_6443",
          "schema_version": 0,
          "attributes": {
            "direction": "outbound",
            "group": "r018-9a62ac9c-9762-48de-9759-42b7b38be595",
            "icmp": [],
            "id": "r018-9a62ac9c-9762-48de-9759-42b7b38be595.r018-fbc96535-d037-4f92-9118-ddf76a627d28",
            "ip_version": "ipv4",
            "local": "0.0.0.0/0",
            "protocol": "tcp",
            "related_crn": "crn:v1:bluemix:public:is:eu-gb:a/65c005b968304c79af0072316cd66882::security-group:r018-9a62ac9c-9762-48de-9759-42b7b38be595",
            "remote": "0.0.0.0/0",
            "rule_id": "r018-fbc96535-d037-4f92-9118-ddf76a627d28",
            "tcp": [
              {
                "port_max": 6443,
                "port_min": 6443
              }
            ],
            "udp": []
          },
          "sensitive_attributes": [],
          "private": "bnVsbA==",
          "dependencies": [
            "module.network.ibm_is_vpc.vpc",
            "module.network.ibm_resource_group.resource_group",
            "module.security.ibm_is_security_group.SG"
          ]
        },
        {
          "index_key": "TCP_master_outbound_6783",
          "schema_version": 0,
          "attributes": {
            "direction": "outbound",
            "group": "r018-9a62ac9c-9762-48de-9759-42b7b38be595",
            "icmp": [],
            "id": "r018-9a62ac9c-9762-48de-9759-42b7b38be595.r018-273ac805-1c0c-49c0-8521-c2f6bb5be68a",
            "ip_version": "ipv4",
            "local": "0.0.0.0/0",
            "protocol": "tcp",
            "related_crn": "crn:v1:bluemix:public:is:eu-gb:a/65c005b968304c79af0072316cd66882::security-group:r018-9a62ac9c-9762-48de-9759-42b7b38be595",
            "remote": "0.0.0.0/0",
            "rule_id": "r018-273ac805-1c0c-49c0-8521-c2f6bb5be68a",
            "tcp": [
              {
                "port_max": 6783,
                "port_min": 6783
              }
            ],
            "udp": []
          },
          "sensitive_attributes": [],
          "private": "bnVsbA==",
          "dependencies": [
            "module.network.ibm_is_vpc.vpc",
            "module.network.ibm_resource_group.resource_group",
            "module.security.ibm_is_security_group.SG"
          ]
        },
        {
          "index_key": "TCP_master_outbound_DNS",
          "schema_version": 0,
          "attributes": {
            "direction": "outbound",
            "group": "r018-9a62ac9c-9762-48de-9759-42b7b38be595",
            "icmp": [],
            "id": "r018-9a62ac9c-9762-48de-9759-42b7b38be595.r018-4a000ea1-662d-4786-8930-83a5a33079cc",
            "ip_version": "ipv4",
            "local": "0.0.0.0/0",
            "protocol": "tcp",
            "related_crn": "crn:v1:bluemix:public:is:eu-gb:a/65c005b968304c79af0072316cd66882::security-group:r018-9a62ac9c-9762-48de-9759-42b7b38be595",
            "remote": "0.0.0.0/0",
            "rule_id": "r018-4a000ea1-662d-4786-8930-83a5a33079cc",
            "tcp": [
              {
                "port_max": 53,
                "port_min": 53
              }
            ],
            "udp": []
          },
          "sensitive_attributes": [],
          "private": "bnVsbA==",
          "dependencies": [
            "module.network.ibm_is_vpc.vpc",
            "module.network.ibm_resource_group.resource_group",
            "module.security.ibm_is_security_group.SG"
          ]
        },
        {
          "index_key": "TCP_master_outbound_http",
          "schema_version": 0,
          "attributes": {
            "direction": "outbound",
            "group": "r018-9a62ac9c-9762-48de-9759-42b7b38be595",
            "icmp": [],
            "id": "r018-9a62ac9c-9762-48de-9759-42b7b38be595.r018-3ff373c8-3945-482a-b58b-8f4414afd645",
            "ip_version": "ipv4",
            "local": "0.0.0.0/0",
            "protocol": "tcp",
            "related_crn": "crn:v1:bluemix:public:is:eu-gb:a/65c005b968304c79af0072316cd66882::security-group:r018-9a62ac9c-9762-48de-9759-42b7b38be595",
            "remote": "0.0.0.0/0",
            "rule_id": "r018-3ff373c8-3945-482a-b58b-8f4414afd645",
            "tcp": [
              {
                "port_max": 80,
                "port_min": 80
              }
            ],
            "udp": []
          },
          "sensitive_attributes": [],
          "private": "bnVsbA==",
          "dependencies": [
            "module.network.ibm_is_vpc.vpc",
            "module.network.ibm_resource_group.resource_group",
            "module.security.ibm_is_security_group.SG"
          ]
        },
        {
          "index_key": "TCP_master_outbound_https",
          "schema_version": 0,
          "attributes": {
            "direction": "outbound",
            "group": "r018-9a62ac9c-9762-48de-9759-42b7b38be595",
            "icmp": [],
            "id": "r018-9a62ac9c-9762-48de-9759-42b7b38be595.r018-9289f767-0167-44f4-ac2d-b180d794f63f",
            "ip_version": "ipv4",
            "local": "0.0.0.0/0",
            "protocol": "tcp",
            "related_crn": "crn:v1:bluemix:public:is:eu-gb:a/65c005b968304c79af0072316cd66882::security-group:r018-9a62ac9c-9762-48de-9759-42b7b38be595",
            "remote": "0.0.0.0/0",
            "rule_id": "r018-9289f767-0167-44f4-ac2d-b180d794f63f",
            "tcp": [
              {
                "port_max": 443,
                "port_min": 443
              }
            ],
            "udp": []
          },
          "sensitive_attributes": [],
          "private": "bnVsbA==",
          "dependencies": [
            "module.network.ibm_is_vpc.vpc",
            "module.network.ibm_resource_group.resource_group",
            "module.security.ibm_is_security_group.SG"
          ]
        },
        {
          "index_key": "TCP_master_outbound_ssh",
          "schema_version": 0,
          "attributes": {
            "direction": "outbound",
            "group": "r018-9a62ac9c-9762-48de-9759-42b7b38be595",
            "icmp": [],
            "id": "r018-9a62ac9c-9762-48de-9759-42b7b38be595.r018-74c9dde2-f6f1-477e-b3e8-4a0e9e43ae9b",
            "ip_version": "ipv4",
            "local": "0.0.0.0/0",
            "protocol": "tcp",
            "related_crn": "crn:v1:bluemix:public:is:eu-gb:a/65c005b968304c79af0072316cd66882::security-group:r018-9a62ac9c-9762-48de-9759-42b7b38be595",
            "remote": "0.0.0.0/0",
            "rule_id": "r018-74c9dde2-f6f1-477e-b3e8-4a0e9e43ae9b",
            "tcp": [
              {
                "port_max": 22,
                "port_min": 22
              }
            ],
            "udp": []
          },
          "sensitive_attributes": [],
          "private": "bnVsbA==",
          "dependencies": [
            "module.network.ibm_is_vpc.vpc",
            "module.network.ibm_resource_group.resource_group",
            "module.security.ibm_is_security_group.SG"
          ]
        },
        {
          "index_key": "TCP_node_inbound_10250",
          "schema_version": 0,
          "attributes": {
            "direction": "inbound",
            "group": "r018-938d4d69-ff76-4dd0-9c4e-0124b8810a39",
            "icmp": [],
            "id": "r018-938d4d69-ff76-4dd0-9c4e-0124b8810a39.r018-854684c5-ebb8-4da5-8a73-6fb86908ff11",
            "ip_version": "ipv4",
            "local": "0.0.0.0/0",
            "protocol": "tcp",
            "related_crn": "crn:v1:bluemix:public:is:eu-gb:a/65c005b968304c79af0072316cd66882::security-group:r018-938d4d69-ff76-4dd0-9c4e-0124b8810a39",
            "remote": "0.0.0.0/0",
            "rule_id": "r018-854684c5-ebb8-4da5-8a73-6fb86908ff11",
            "tcp": [
              {
                "port_max": 10250,
                "port_min": 10250
              }
            ],
            "udp": []
          },
          "sensitive_attributes": [],
          "private": "bnVsbA==",
          "dependencies": [
            "module.network.ibm_is_vpc.vpc",
            "module.network.ibm_resource_group.resource_group",
            "module.security.ibm_is_security_group.SG"
          ]
        },
        {
          "index_key": "TCP_node_inbound_10251",
          "schema_version": 0,
          "attributes": {
            "direction": "inbound",
            "group": "r018-938d4d69-ff76-4dd0-9c4e-0124b8810a39",
            "icmp": [],
            "id": "r018-938d4d69-ff76-4dd0-9c4e-0124b8810a39.r018-3afd352a-fffd-4502-a573-99238ec50d2b",
            "ip_version": "ipv4",
            "local": "0.0.0.0/0",
            "protocol": "tcp",
            "related_crn": "crn:v1:bluemix:public:is:eu-gb:a/65c005b968304c79af0072316cd66882::security-group:r018-938d4d69-ff76-4dd0-9c4e-0124b8810a39",
            "remote": "0.0.0.0/0",
            "rule_id": "r018-3afd352a-fffd-4502-a573-99238ec50d2b",
            "tcp": [
              {
                "port_max": 10251,
                "port_min": 10251
              }
            ],
            "udp": []
          },
          "sensitive_attributes": [],
          "private": "bnVsbA==",
          "dependencies": [
            "module.network.ibm_is_vpc.vpc",
            "module.network.ibm_resource_group.resource_group",
            "module.security.ibm_is_security_group.SG"
          ]
        },
        {
          "index_key": "TCP_node_inbound_10252",
          "schema_version": 0,
          "attributes": {
            "direction": "inbound",
            "group": "r018-938d4d69-ff76-4dd0-9c4e-0124b8810a39",
            "icmp": [],
            "id": "r018-938d4d69-ff76-4dd0-9c4e-0124b8810a39.r018-3eaa669d-69e3-47c0-ab88-b91b061d930e",
            "ip_version": "ipv4",
            "local": "0.0.0.0/0",
            "protocol": "tcp",
            "related_crn": "crn:v1:bluemix:public:is:eu-gb:a/65c005b968304c79af0072316cd66882::security-group:r018-938d4d69-ff76-4dd0-9c4e-0124b8810a39",
            "remote": "0.0.0.0/0",
            "rule_id": "r018-3eaa669d-69e3-47c0-ab88-b91b061d930e",
            "tcp": [
              {
                "port_max": 10252,
                "port_min": 10252
              }
            ],
            "udp": []
          },
          "sensitive_attributes": [],
          "private": "bnVsbA==",
          "dependencies": [
            "module.network.ibm_is_vpc.vpc",
            "module.network.ibm_resource_group.resource_group",
            "module.security.ibm_is_security_group.SG"
          ]
        },
        {
          "index_key": "TCP_node_inbound_2379_to_2380",
          "schema_version": 0,
          "attributes": {
            "direction": "inbound",
            "group": "r018-938d4d69-ff76-4dd0-9c4e-0124b8810a39",
            "icmp": [],
            "id": "r018-938d4d69-ff76-4dd0-9c4e-0124b8810a39.r018-e3bbbfa1-47b5-496f-afe4-7e43658040cb",
            "ip_version": "ipv4",
            "local": "0.0.0.0/0",
            "protocol": "tcp",
            "related_crn": "crn:v1:bluemix:public:is:eu-gb:a/65c005b968304c79af0072316cd66882::security-group:r018-938d4d69-ff76-4dd0-9c4e-0124b8810a39",
            "remote": "0.0.0.0/0",
            "rule_id": "r018-e3bbbfa1-47b5-496f-afe4-7e43658040cb",
            "tcp": [
              {
                "port_max": 2380,
                "port_min": 2379
              }
            ],
            "udp": []
          },
          "sensitive_attributes": [],
          "private": "bnVsbA==",
          "dependencies": [
            "module.network.ibm_is_vpc.vpc",
            "module.network.ibm_resource_group.resource_group",
            "module.security.ibm_is_security_group.SG"
          ]
        },
        {
          "index_key": "TCP_node_inbound_6443",
          "schema_version": 0,
          "attributes": {
            "direction": "inbound",
            "group": "r018-938d4d69-ff76-4dd0-9c4e-0124b8810a39",
            "icmp": [],
            "id": "r018-938d4d69-ff76-4dd0-9c4e-0124b8810a39.r018-ebabc0d8-c438-4770-9576-88149dd6bcfc",
            "ip_version": "ipv4",
            "local": "0.0.0.0/0",
            "protocol": "tcp",
            "related_crn": "crn:v1:bluemix:public:is:eu-gb:a/65c005b968304c79af0072316cd66882::security-group:r018-938d4d69-ff76-4dd0-9c4e-0124b8810a39",
            "remote": "0.0.0.0/0",
            "rule_id": "r018-ebabc0d8-c438-4770-9576-88149dd6bcfc",
            "tcp": [
              {
                "port_max": 6443,
                "port_min": 6443
              }
            ],
            "udp": []
          },
          "sensitive_attributes": [],
          "private": "bnVsbA==",
          "dependencies": [
            "module.network.ibm_is_vpc.vpc",
            "module.network.ibm_resource_group.resource_group",
            "module.security.ibm_is_security_group.SG"
          ]
        },
        {
          "index_key": "TCP_node_inbound_6783",
          "schema_version": 0,
          "attributes": {
            "direction": "inbound",
            "group": "r018-938d4d69-ff76-4dd0-9c4e-0124b8810a39",
            "icmp": [],
            "id": "r018-938d4d69-ff76-4dd0-9c4e-0124b8810a39.r018-0f19651c-e1fe-481a-bdfc-ee4cbde728e5",
            "ip_version": "ipv4",
            "local": "0.0.0.0/0",
            "protocol": "tcp",
            "related_crn": "crn:v1:bluemix:public:is:eu-gb:a/65c005b968304c79af0072316cd66882::security-group:r018-938d4d69-ff76-4dd0-9c4e-0124b8810a39",
            "remote": "0.0.0.0/0",
            "rule_id": "r018-0f19651c-e1fe-481a-bdfc-ee4cbde728e5",
            "tcp": [
              {
                "port_max": 6783,
                "port_min": 6783
              }
            ],
            "udp": []
          },
          "sensitive_attributes": [],
          "private": "bnVsbA==",
          "dependencies": [
            "module.network.ibm_is_vpc.vpc",
            "module.network.ibm_resource_group.resource_group",
            "module.security.ibm_is_security_group.SG"
          ]
        },
        {
          "index_key": "TCP_node_inbound_DNS",
          "schema_version": 0,
          "attributes": {
            "direction": "inbound",
            "group": "r018-938d4d69-ff76-4dd0-9c4e-0124b8810a39",
            "icmp": [],
            "id": "r018-938d4d69-ff76-4dd0-9c4e-0124b8810a39.r018-c0cf622b-908c-44ca-a628-bc64a44f7ba6",
            "ip_version": "ipv4",
            "local": "0.0.0.0/0",
            "protocol": "tcp",
            "related_crn": "crn:v1:bluemix:public:is:eu-gb:a/65c005b968304c79af0072316cd66882::security-group:r018-938d4d69-ff76-4dd0-9c4e-0124b8810a39",
            "remote": "0.0.0.0/0",
            "rule_id": "r018-c0cf622b-908c-44ca-a628-bc64a44f7ba6",
            "tcp": [
              {
                "port_max": 53,
                "port_min": 53
              }
            ],
            "udp": []
          },
          "sensitive_attributes": [],
          "private": "bnVsbA==",
          "dependencies": [
            "module.network.ibm_is_vpc.vpc",
            "module.network.ibm_resource_group.resource_group",
            "module.security.ibm_is_security_group.SG"
          ]
        },
        {
          "index_key": "TCP_node_inbound_http",
          "schema_version": 0,
          "attributes": {
            "direction": "inbound",
            "group": "r018-938d4d69-ff76-4dd0-9c4e-0124b8810a39",
            "icmp": [],
            "id": "r018-938d4d69-ff76-4dd0-9c4e-0124b8810a39.r018-ddac1319-b5fd-4263-a23b-f9775809b004",
            "ip_version": "ipv4",
            "local": "0.0.0.0/0",
            "protocol": "tcp",
            "related_crn": "crn:v1:bluemix:public:is:eu-gb:a/65c005b968304c79af0072316cd66882::security-group:r018-938d4d69-ff76-4dd0-9c4e-0124b8810a39",
            "remote": "0.0.0.0/0",
            "rule_id": "r018-ddac1319-b5fd-4263-a23b-f9775809b004",
            "tcp": [
              {
                "port_max": 80,
                "port_min": 80
              }
            ],
            "udp": []
          },
          "sensitive_attributes": [],
          "private": "bnVsbA==",
          "dependencies": [
            "module.network.ibm_is_vpc.vpc",
            "module.network.ibm_resource_group.resource_group",
            "module.security.ibm_is_security_group.SG"
          ]
        },
        {
          "index_key": "TCP_node_inbound_https",
          "schema_version": 0,
          "attributes": {
            "direction": "inbound",
            "group": "r018-938d4d69-ff76-4dd0-9c4e-0124b8810a39",
            "icmp": [],
            "id": "r018-938d4d69-ff76-4dd0-9c4e-0124b8810a39.r018-d9b44fb4-b0f1-4c16-9672-c278e5d10a67",
            "ip_version": "ipv4",
            "local": "0.0.0.0/0",
            "protocol": "tcp",
            "related_crn": "crn:v1:bluemix:public:is:eu-gb:a/65c005b968304c79af0072316cd66882::security-group:r018-938d4d69-ff76-4dd0-9c4e-0124b8810a39",
            "remote": "0.0.0.0/0",
            "rule_id": "r018-d9b44fb4-b0f1-4c16-9672-c278e5d10a67",
            "tcp": [
              {
                "port_max": 443,
                "port_min": 443
              }
            ],
            "udp": []
          },
          "sensitive_attributes": [],
          "private": "bnVsbA==",
          "dependencies": [
            "module.network.ibm_is_vpc.vpc",
            "module.network.ibm_resource_group.resource_group",
            "module.security.ibm_is_security_group.SG"
          ]
        },
        {
          "index_key": "TCP_node_inbound_ssh",
          "schema_version": 0,
          "attributes": {
            "direction": "inbound",
            "group": "r018-938d4d69-ff76-4dd0-9c4e-0124b8810a39",
            "icmp": [],
            "id": "r018-938d4d69-ff76-4dd0-9c4e-0124b8810a39.r018-7af2b4e4-8f79-4446-af74-79433171b3a3",
            "ip_version": "ipv4",
            "local": "0.0.0.0/0",
            "protocol": "tcp",
            "related_crn": "crn:v1:bluemix:public:is:eu-gb:a/65c005b968304c79af0072316cd66882::security-group:r018-938d4d69-ff76-4dd0-9c4e-0124b8810a39",
            "remote": "0.0.0.0/0",
            "rule_id": "r018-7af2b4e4-8f79-4446-af74-79433171b3a3",
            "tcp": [
              {
                "port_max": 22,
                "port_min": 22
              }
            ],
            "udp": []
          },
          "sensitive_attributes": [],
          "private": "bnVsbA==",
          "dependencies": [
            "module.network.ibm_is_vpc.vpc",
            "module.network.ibm_resource_group.resource_group",
            "module.security.ibm_is_security_group.SG"
          ]
        },
        {
          "index_key": "TCP_node_outbound_10250",
          "schema_version": 0,
          "attributes": {
            "direction": "outbound",
            "group": "r018-938d4d69-ff76-4dd0-9c4e-0124b8810a39",
            "icmp": [],
            "id": "r018-938d4d69-ff76-4dd0-9c4e-0124b8810a39.r018-3a8b3fa4-7d11-4031-a990-25ec3ab3d65d",
            "ip_version": "ipv4",
            "local": "0.0.0.0/0",
            "protocol": "tcp",
            "related_crn": "crn:v1:bluemix:public:is:eu-gb:a/65c005b968304c79af0072316cd66882::security-group:r018-938d4d69-ff76-4dd0-9c4e-0124b8810a39",
            "remote": "0.0.0.0/0",
            "rule_id": "r018-3a8b3fa4-7d11-4031-a990-25ec3ab3d65d",
            "tcp": [
              {
                "port_max": 10250,
                "port_min": 10250
              }
            ],
            "udp": []
          },
          "sensitive_attributes": [],
          "private": "bnVsbA==",
          "dependencies": [
            "module.network.ibm_is_vpc.vpc",
            "module.network.ibm_resource_group.resource_group",
            "module.security.ibm_is_security_group.SG"
          ]
        },
        {
          "index_key": "TCP_node_outbound_10251",
          "schema_version": 0,
          "attributes": {
            "direction": "outbound",
            "group": "r018-938d4d69-ff76-4dd0-9c4e-0124b8810a39",
            "icmp": [],
            "id": "r018-938d4d69-ff76-4dd0-9c4e-0124b8810a39.r018-4388a353-301c-492f-82e7-3783025e06af",
            "ip_version": "ipv4",
            "local": "0.0.0.0/0",
            "protocol": "tcp",
            "related_crn": "crn:v1:bluemix:public:is:eu-gb:a/65c005b968304c79af0072316cd66882::security-group:r018-938d4d69-ff76-4dd0-9c4e-0124b8810a39",
            "remote": "0.0.0.0/0",
            "rule_id": "r018-4388a353-301c-492f-82e7-3783025e06af",
            "tcp": [
              {
                "port_max": 10251,
                "port_min": 10251
              }
            ],
            "udp": []
          },
          "sensitive_attributes": [],
          "private": "bnVsbA==",
          "dependencies": [
            "module.network.ibm_is_vpc.vpc",
            "module.network.ibm_resource_group.resource_group",
            "module.security.ibm_is_security_group.SG"
          ]
        },
        {
          "index_key": "TCP_node_outbound_10252",
          "schema_version": 0,
          "attributes": {
            "direction": "outbound",
            "group": "r018-938d4d69-ff76-4dd0-9c4e-0124b8810a39",
            "icmp": [],
            "id": "r018-938d4d69-ff76-4dd0-9c4e-0124b8810a39.r018-138e18a3-343b-4f99-bb76-68c605f55dbf",
            "ip_version": "ipv4",
            "local": "0.0.0.0/0",
            "protocol": "tcp",
            "related_crn": "crn:v1:bluemix:public:is:eu-gb:a/65c005b968304c79af0072316cd66882::security-group:r018-938d4d69-ff76-4dd0-9c4e-0124b8810a39",
            "remote": "0.0.0.0/0",
            "rule_id": "r018-138e18a3-343b-4f99-bb76-68c605f55dbf",
            "tcp": [
              {
                "port_max": 10252,
                "port_min": 10252
              }
            ],
            "udp": []
          },
          "sensitive_attributes": [],
          "private": "bnVsbA==",
          "dependencies": [
            "module.network.ibm_is_vpc.vpc",
            "module.network.ibm_resource_group.resource_group",
            "module.security.ibm_is_security_group.SG"
          ]
        },
        {
          "index_key": "TCP_node_outbound_6443",
          "schema_version": 0,
          "attributes": {
            "direction": "outbound",
            "group": "r018-938d4d69-ff76-4dd0-9c4e-0124b8810a39",
            "icmp": [],
            "id": "r018-938d4d69-ff76-4dd0-9c4e-0124b8810a39.r018-ededa4e0-2600-4a9b-8b22-16a175f282d0",
            "ip_version": "ipv4",
            "local": "0.0.0.0/0",
            "protocol": "tcp",
            "related_crn": "crn:v1:bluemix:public:is:eu-gb:a/65c005b968304c79af0072316cd66882::security-group:r018-938d4d69-ff76-4dd0-9c4e-0124b8810a39",
            "remote": "0.0.0.0/0",
            "rule_id": "r018-ededa4e0-2600-4a9b-8b22-16a175f282d0",
            "tcp": [
              {
                "port_max": 6443,
                "port_min": 6443
              }
            ],
            "udp": []
          },
          "sensitive_attributes": [],
          "private": "bnVsbA==",
          "dependencies": [
            "module.network.ibm_is_vpc.vpc",
            "module.network.ibm_resource_group.resource_group",
            "module.security.ibm_is_security_group.SG"
          ]
        },
        {
          "index_key": "TCP_node_outbound_6783",
          "schema_version": 0,
          "attributes": {
            "direction": "outbound",
            "group": "r018-938d4d69-ff76-4dd0-9c4e-0124b8810a39",
            "icmp": [],
            "id": "r018-938d4d69-ff76-4dd0-9c4e-0124b8810a39.r018-66f4e699-5c54-45fd-b6c1-d3400f123b91",
            "ip_version": "ipv4",
            "local": "0.0.0.0/0",
            "protocol": "tcp",
            "related_crn": "crn:v1:bluemix:public:is:eu-gb:a/65c005b968304c79af0072316cd66882::security-group:r018-938d4d69-ff76-4dd0-9c4e-0124b8810a39",
            "remote": "0.0.0.0/0",
            "rule_id": "r018-66f4e699-5c54-45fd-b6c1-d3400f123b91",
            "tcp": [
              {
                "port_max": 6783,
                "port_min": 6783
              }
            ],
            "udp": []
          },
          "sensitive_attributes": [],
          "private": "bnVsbA==",
          "dependencies": [
            "module.network.ibm_is_vpc.vpc",
            "module.network.ibm_resource_group.resource_group",
            "module.security.ibm_is_security_group.SG"
          ]
        },
        {
          "index_key": "TCP_node_outbound_DNS",
          "schema_version": 0,
          "attributes": {
            "direction": "outbound",
            "group": "r018-938d4d69-ff76-4dd0-9c4e-0124b8810a39",
            "icmp": [],
            "id": "r018-938d4d69-ff76-4dd0-9c4e-0124b8810a39.r018-f350fe74-176d-4497-b6f3-8d224808cf3f",
            "ip_version": "ipv4",
            "local": "0.0.0.0/0",
            "protocol": "tcp",
            "related_crn": "crn:v1:bluemix:public:is:eu-gb:a/65c005b968304c79af0072316cd66882::security-group:r018-938d4d69-ff76-4dd0-9c4e-0124b8810a39",
            "remote": "0.0.0.0/0",
            "rule_id": "r018-f350fe74-176d-4497-b6f3-8d224808cf3f",
            "tcp": [
              {
                "port_max": 53,
                "port_min": 53
              }
            ],
            "udp": []
          },
          "sensitive_attributes": [],
          "private": "bnVsbA==",
          "dependencies": [
            "module.network.ibm_is_vpc.vpc",
            "module.network.ibm_resource_group.resource_group",
            "module.security.ibm_is_security_group.SG"
          ]
        },
        {
          "index_key": "TCP_node_outbound_http",
          "schema_version": 0,
          "attributes": {
            "direction": "outbound",
            "group": "r018-938d4d69-ff76-4dd0-9c4e-0124b8810a39",
            "icmp": [],
            "id": "r018-938d4d69-ff76-4dd0-9c4e-0124b8810a39.r018-26b2c02f-7807-4680-82f9-102234734b89",
            "ip_version": "ipv4",
            "local": "0.0.0.0/0",
            "protocol": "tcp",
            "related_crn": "crn:v1:bluemix:public:is:eu-gb:a/65c005b968304c79af0072316cd66882::security-group:r018-938d4d69-ff76-4dd0-9c4e-0124b8810a39",
            "remote": "0.0.0.0/0",
            "rule_id": "r018-26b2c02f-7807-4680-82f9-102234734b89",
            "tcp": [
              {
                "port_max": 80,
                "port_min": 80
              }
            ],
            "udp": []
          },
          "sensitive_attributes": [],
          "private": "bnVsbA==",
          "dependencies": [
            "module.network.ibm_is_vpc.vpc",
            "module.network.ibm_resource_group.resource_group",
            "module.security.ibm_is_security_group.SG"
          ]
        },
        {
          "index_key": "TCP_node_outbound_https",
          "schema_version": 0,
          "attributes": {
            "direction": "outbound",
            "group": "r018-938d4d69-ff76-4dd0-9c4e-0124b8810a39",
            "icmp": [],
            "id": "r018-938d4d69-ff76-4dd0-9c4e-0124b8810a39.r018-275a1732-35f9-4244-917d-dbe0446e473f",
            "ip_version": "ipv4",
            "local": "0.0.0.0/0",
            "protocol": "tcp",
            "related_crn": "crn:v1:bluemix:public:is:eu-gb:a/65c005b968304c79af0072316cd66882::security-group:r018-938d4d69-ff76-4dd0-9c4e-0124b8810a39",
            "remote": "0.0.0.0/0",
            "rule_id": "r018-275a1732-35f9-4244-917d-dbe0446e473f",
            "tcp": [
              {
                "port_max": 443,
                "port_min": 443
              }
            ],
            "udp": []
          },
          "sensitive_attributes": [],
          "private": "bnVsbA==",
          "dependencies": [
            "module.network.ibm_is_vpc.vpc",
            "module.network.ibm_resource_group.resource_group",
            "module.security.ibm_is_security_group.SG"
          ]
        },
        {
          "index_key": "TCP_node_outbound_ssh",
          "schema_version": 0,
          "attributes": {
            "direction": "outbound",
            "group": "r018-938d4d69-ff76-4dd0-9c4e-0124b8810a39",
            "icmp": [],
            "id": "r018-938d4d69-ff76-4dd0-9c4e-0124b8810a39.r018-d62cfb6a-5fa0-49f7-926a-20a7e924dfff",
            "ip_version": "ipv4",
            "local": "0.0.0.0/0",
            "protocol": "tcp",
            "related_crn": "crn:v1:bluemix:public:is:eu-gb:a/65c005b968304c79af0072316cd66882::security-group:r018-938d4d69-ff76-4dd0-9c4e-0124b8810a39",
            "remote": "0.0.0.0/0",
            "rule_id": "r018-d62cfb6a-5fa0-49f7-926a-20a7e924dfff",
            "tcp": [
              {
                "port_max": 22,
                "port_min": 22
              }
            ],
            "udp": []
          },
          "sensitive_attributes": [],
          "private": "bnVsbA==",
          "dependencies": [
            "module.network.ibm_is_vpc.vpc",
            "module.network.ibm_resource_group.resource_group",
            "module.security.ibm_is_security_group.SG"
          ]
        }
      ]
    },
    {
      "module": "module.security",
      "mode": "managed",
      "type": "ibm_is_security_group_rule",
      "name": "SGR_udp",
      "provider": "module.security.provider[\"registry.terraform.io/ibm-cloud/ibm\"]",
      "instances": [
        {
          "index_key": "UDP_master_inbound_6783",
          "schema_version": 0,
          "attributes": {
            "direction": "inbound",
            "group": "r018-9a62ac9c-9762-48de-9759-42b7b38be595",
            "icmp": [],
            "id": "r018-9a62ac9c-9762-48de-9759-42b7b38be595.r018-bdb811b9-73f0-4972-9c28-bdca3a442931",
            "ip_version": "ipv4",
            "local": "0.0.0.0/0",
            "protocol": "udp",
            "related_crn": "crn:v1:bluemix:public:is:eu-gb:a/65c005b968304c79af0072316cd66882::security-group:r018-9a62ac9c-9762-48de-9759-42b7b38be595",
            "remote": "0.0.0.0/0",
            "rule_id": "r018-bdb811b9-73f0-4972-9c28-bdca3a442931",
            "tcp": [],
            "udp": [
              {
                "port_max": 6783,
                "port_min": 6783
              }
            ]
          },
          "sensitive_attributes": [],
          "private": "bnVsbA==",
          "dependencies": [
            "module.network.ibm_is_vpc.vpc",
            "module.network.ibm_resource_group.resource_group",
            "module.security.ibm_is_security_group.SG"
          ]
        },
        {
          "index_key": "UDP_master_outbound_6783",
          "schema_version": 0,
          "attributes": {
            "direction": "outbound",
            "group": "r018-9a62ac9c-9762-48de-9759-42b7b38be595",
            "icmp": [],
            "id": "r018-9a62ac9c-9762-48de-9759-42b7b38be595.r018-ccf4e57e-1439-4ea3-b550-30cada71f1e2",
            "ip_version": "ipv4",
            "local": "0.0.0.0/0",
            "protocol": "udp",
            "related_crn": "crn:v1:bluemix:public:is:eu-gb:a/65c005b968304c79af0072316cd66882::security-group:r018-9a62ac9c-9762-48de-9759-42b7b38be595",
            "remote": "0.0.0.0/0",
            "rule_id": "r018-ccf4e57e-1439-4ea3-b550-30cada71f1e2",
            "tcp": [],
            "udp": [
              {
                "port_max": 6783,
                "port_min": 6783
              }
            ]
          },
          "sensitive_attributes": [],
          "private": "bnVsbA==",
          "dependencies": [
            "module.network.ibm_is_vpc.vpc",
            "module.network.ibm_resource_group.resource_group",
            "module.security.ibm_is_security_group.SG"
          ]
        },
        {
          "index_key": "UDP_master_outbound_6784",
          "schema_version": 0,
          "attributes": {
            "direction": "outbound",
            "group": "r018-9a62ac9c-9762-48de-9759-42b7b38be595",
            "icmp": [],
            "id": "r018-9a62ac9c-9762-48de-9759-42b7b38be595.r018-1ff6a884-4516-463e-87e0-d0b86f4ec345",
            "ip_version": "ipv4",
            "local": "0.0.0.0/0",
            "protocol": "udp",
            "related_crn": "crn:v1:bluemix:public:is:eu-gb:a/65c005b968304c79af0072316cd66882::security-group:r018-9a62ac9c-9762-48de-9759-42b7b38be595",
            "remote": "0.0.0.0/0",
            "rule_id": "r018-1ff6a884-4516-463e-87e0-d0b86f4ec345",
            "tcp": [],
            "udp": [
              {
                "port_max": 6784,
                "port_min": 6783
              }
            ]
          },
          "sensitive_attributes": [],
          "private": "bnVsbA==",
          "dependencies": [
            "module.network.ibm_is_vpc.vpc",
            "module.network.ibm_resource_group.resource_group",
            "module.security.ibm_is_security_group.SG"
          ]
        },
        {
          "index_key": "UDP_node_inbound_6783",
          "schema_version": 0,
          "attributes": {
            "direction": "inbound",
            "group": "r018-938d4d69-ff76-4dd0-9c4e-0124b8810a39",
            "icmp": [],
            "id": "r018-938d4d69-ff76-4dd0-9c4e-0124b8810a39.r018-bf6c142c-c417-4d9b-adb4-ab8ae6051640",
            "ip_version": "ipv4",
            "local": "0.0.0.0/0",
            "protocol": "udp",
            "related_crn": "crn:v1:bluemix:public:is:eu-gb:a/65c005b968304c79af0072316cd66882::security-group:r018-938d4d69-ff76-4dd0-9c4e-0124b8810a39",
            "remote": "0.0.0.0/0",
            "rule_id": "r018-bf6c142c-c417-4d9b-adb4-ab8ae6051640",
            "tcp": [],
            "udp": [
              {
                "port_max": 6783,
                "port_min": 6783
              }
            ]
          },
          "sensitive_attributes": [],
          "private": "bnVsbA==",
          "dependencies": [
            "module.network.ibm_is_vpc.vpc",
            "module.network.ibm_resource_group.resource_group",
            "module.security.ibm_is_security_group.SG"
          ]
        },
        {
          "index_key": "UDP_node_outbound_6783",
          "schema_version": 0,
          "attributes": {
            "direction": "outbound",
            "group": "r018-938d4d69-ff76-4dd0-9c4e-0124b8810a39",
            "icmp": [],
            "id": "r018-938d4d69-ff76-4dd0-9c4e-0124b8810a39.r018-2eb52219-dda6-4fd0-a6e6-34e472b3c6bd",
            "ip_version": "ipv4",
            "local": "0.0.0.0/0",
            "protocol": "udp",
            "related_crn": "crn:v1:bluemix:public:is:eu-gb:a/65c005b968304c79af0072316cd66882::security-group:r018-938d4d69-ff76-4dd0-9c4e-0124b8810a39",
            "remote": "0.0.0.0/0",
            "rule_id": "r018-2eb52219-dda6-4fd0-a6e6-34e472b3c6bd",
            "tcp": [],
            "udp": [
              {
                "port_max": 6783,
                "port_min": 6783
              }
            ]
          },
          "sensitive_attributes": [],
          "private": "bnVsbA==",
          "dependencies": [
            "module.network.ibm_is_vpc.vpc",
            "module.network.ibm_resource_group.resource_group",
            "module.security.ibm_is_security_group.SG"
          ]
        },
        {
          "index_key": "UDP_node_outbound_6784",
          "schema_version": 0,
          "attributes": {
            "direction": "outbound",
            "group": "r018-938d4d69-ff76-4dd0-9c4e-0124b8810a39",
            "icmp": [],
            "id": "r018-938d4d69-ff76-4dd0-9c4e-0124b8810a39.r018-b2a12a2f-ff00-45cb-857c-b3e9e75133f7",
            "ip_version": "ipv4",
            "local": "0.0.0.0/0",
            "protocol": "udp",
            "related_crn": "crn:v1:bluemix:public:is:eu-gb:a/65c005b968304c79af0072316cd66882::security-group:r018-938d4d69-ff76-4dd0-9c4e-0124b8810a39",
            "remote": "0.0.0.0/0",
            "rule_id": "r018-b2a12a2f-ff00-45cb-857c-b3e9e75133f7",
            "tcp": [],
            "udp": [
              {
                "port_max": 6784,
                "port_min": 6783
              }
            ]
          },
          "sensitive_attributes": [],
          "private": "bnVsbA==",
          "dependencies": [
            "module.network.ibm_is_vpc.vpc",
            "module.network.ibm_resource_group.resource_group",
            "module.security.ibm_is_security_group.SG"
          ]
        }
      ]
    },
    {
      "module": "module.security",
      "mode": "managed",
      "type": "ibm_is_ssh_key",
      "name": "ssh",
      "provider": "module.security.provider[\"registry.terraform.io/ibm-cloud/ibm\"]",
      "instances": [
        {
          "index_key": "master",
          "schema_version": 0,
          "attributes": {
            "access_tags": [],
            "crn": "crn:v1:bluemix:public:is:eu-gb:a/65c005b968304c79af0072316cd66882::key:r018-f8e5b628-5c03-4247-a150-55742f84d382",
            "fingerprint": "SHA256:ymvt0vF8YxkCe7dc/2xag2msONRDS3Md3nxQAjRWJ1o",
            "id": "r018-f8e5b628-5c03-4247-a150-55742f84d382",
            "length": 2048,
            "name": "master",
            "public_key": "ssh-rsa AAAAB3NzaC1yc2EAAAADAQABAAABAQCQBeNzV333BwUQsblsodTYPdsdYsm+Sqzq//bVD8R+b/87VlB0SzsJV9Dw09cOS5D+FeqfSmchvLqGJY6D96UvnBMKNWxP71qMokOxmYezm91WdA/4UA9i5Z6Nbn5JkJgQqeyj7xrWH1mjE1GAwMYJSSi+kpIW5qSk+JKr69rVTa6uMQzeC0RYQwBXCdVToBwTzK4WIgFUXdBKd8YPYStdaFLOe7Hs8o32VmzswKakYlBpf9RBqCSiozeLDioG+QOTe0EFPI8Mj64TLSncSVKCIb9BEZm5N455E50rLH66iTR9ZOJINqiSVsZVW6xRKGjZSmD0+Mkor2LpfNNJaFcP",
            "resource_controller_url": "https://cloud.ibm.com/vpc-ext/compute/sshKeys",
            "resource_crn": "crn:v1:bluemix:public:is:eu-gb:a/65c005b968304c79af0072316cd66882::key:r018-f8e5b628-5c03-4247-a150-55742f84d382",
            "resource_group": "f85c67de9d944c59afb9709a10a7a25b",
            "resource_group_name": "Default",
            "resource_name": "master",
            "tags": [],
            "type": "rsa"
          },
          "sensitive_attributes": [],
          "private": "bnVsbA=="
        },
        {
          "index_key": "node",
          "schema_version": 0,
          "attributes": {
            "access_tags": [],
            "crn": "crn:v1:bluemix:public:is:eu-gb:a/65c005b968304c79af0072316cd66882::key:r018-c00361ff-c339-406d-bf12-047f6e881851",
            "fingerprint": "SHA256:S91BtshSgOaTPE0RIY2Yu8zo3FqUksKYzcMI4tzw4Ro",
            "id": "r018-c00361ff-c339-406d-bf12-047f6e881851",
            "length": 2048,
            "name": "node",
            "public_key": "ssh-rsa AAAAB3NzaC1yc2EAAAADAQABAAABAQCJQ3CNDDUuORn+LQTQqXF4uqumr1xYrf7Ru28ZjzCjK5zmvI8oPN3YP8/sp80PDfF2UWp6kI8mgteBGaJtKn+X42FHqMAcN6Qgwmiv8PF+mGrLx5wytONFZS8wASk0JwOHaZUf0TAw3fMLdRJXvj6yX7VSbsuohIIjph+F/7pzlSanLbbUgUSzDHqtJJZwMfKIaiDEvZsEnYy2PYrrGc5jIVjHou3qZ9X17AgGTvaFFFZX1gAYA0X5VJX4e5rItmoOWnLHa7HLXGumYjw4HvNiKEUtv1h98tdu96SKm4CgqAYpbD7qbBhW9AyIytttt/EBTFWCOK5n+g3wG21H350/",
            "resource_controller_url": "https://cloud.ibm.com/vpc-ext/compute/sshKeys",
            "resource_crn": "crn:v1:bluemix:public:is:eu-gb:a/65c005b968304c79af0072316cd66882::key:r018-c00361ff-c339-406d-bf12-047f6e881851",
            "resource_group": "f85c67de9d944c59afb9709a10a7a25b",
            "resource_group_name": "Default",
            "resource_name": "node",
            "tags": [],
            "type": "rsa"
          },
          "sensitive_attributes": [],
          "private": "bnVsbA=="
        }
      ]
    }
  ],
  "check_results": null
}
